// !$*UTF8*$!
{
	archiveVersion = 1;
	classes = {
	};
	objectVersion = 46;
	objects = {

/* Begin PBXBuildFile section */
		4092730F1E337EFA006C4D6B /* AppDelegate.swift in Sources */ = {isa = PBXBuildFile; fileRef = 4092730E1E337EFA006C4D6B /* AppDelegate.swift */; };
		409273111E337EFA006C4D6B /* SignInVC.swift in Sources */ = {isa = PBXBuildFile; fileRef = 409273101E337EFA006C4D6B /* SignInVC.swift */; };
		409273141E337EFA006C4D6B /* Main.storyboard in Resources */ = {isa = PBXBuildFile; fileRef = 409273121E337EFA006C4D6B /* Main.storyboard */; };
		409273161E337EFA006C4D6B /* Assets.xcassets in Resources */ = {isa = PBXBuildFile; fileRef = 409273151E337EFA006C4D6B /* Assets.xcassets */; };
		409273191E337EFA006C4D6B /* LaunchScreen.storyboard in Resources */ = {isa = PBXBuildFile; fileRef = 409273171E337EFA006C4D6B /* LaunchScreen.storyboard */; };
		409273211E337FA2006C4D6B /* GoogleService-Info.plist in Resources */ = {isa = PBXBuildFile; fileRef = 409273201E337FA2006C4D6B /* GoogleService-Info.plist */; };
		40DF5F2B1E33A57E00B2EC38 /* FancyView.swift in Sources */ = {isa = PBXBuildFile; fileRef = 40DF5F2A1E33A57E00B2EC38 /* FancyView.swift */; };
		40DF5F2E1E33A63B00B2EC38 /* Constants.swift in Sources */ = {isa = PBXBuildFile; fileRef = 40DF5F2D1E33A63B00B2EC38 /* Constants.swift */; };
		40DF5F301E33A7DD00B2EC38 /* RoundBtn.swift in Sources */ = {isa = PBXBuildFile; fileRef = 40DF5F2F1E33A7DD00B2EC38 /* RoundBtn.swift */; };
		40DF5F321E33A95900B2EC38 /* FancyField.swift in Sources */ = {isa = PBXBuildFile; fileRef = 40DF5F311E33A95900B2EC38 /* FancyField.swift */; };
		40DF5F341E33AA9300B2EC38 /* FancyBtn.swift in Sources */ = {isa = PBXBuildFile; fileRef = 40DF5F331E33AA9300B2EC38 /* FancyBtn.swift */; };
		E62CF9CC4086A47A648031D7 /* Pods_SocialApp.framework in Frameworks */ = {isa = PBXBuildFile; fileRef = D2D8147C3DDCACF6E2A34E2B /* Pods_SocialApp.framework */; };
/* End PBXBuildFile section */

/* Begin PBXFileReference section */
		4092730B1E337EFA006C4D6B /* SocialApp.app */ = {isa = PBXFileReference; explicitFileType = wrapper.application; includeInIndex = 0; path = SocialApp.app; sourceTree = BUILT_PRODUCTS_DIR; };
		4092730E1E337EFA006C4D6B /* AppDelegate.swift */ = {isa = PBXFileReference; lastKnownFileType = sourcecode.swift; path = AppDelegate.swift; sourceTree = "<group>"; };
		409273101E337EFA006C4D6B /* SignInVC.swift */ = {isa = PBXFileReference; lastKnownFileType = sourcecode.swift; path = SignInVC.swift; sourceTree = "<group>"; };
		409273131E337EFA006C4D6B /* Base */ = {isa = PBXFileReference; lastKnownFileType = file.storyboard; name = Base; path = Base.lproj/Main.storyboard; sourceTree = "<group>"; };
		409273151E337EFA006C4D6B /* Assets.xcassets */ = {isa = PBXFileReference; lastKnownFileType = folder.assetcatalog; path = Assets.xcassets; sourceTree = "<group>"; };
		409273181E337EFA006C4D6B /* Base */ = {isa = PBXFileReference; lastKnownFileType = file.storyboard; name = Base; path = Base.lproj/LaunchScreen.storyboard; sourceTree = "<group>"; };
		4092731A1E337EFA006C4D6B /* Info.plist */ = {isa = PBXFileReference; lastKnownFileType = text.plist.xml; path = Info.plist; sourceTree = "<group>"; };
		409273201E337FA2006C4D6B /* GoogleService-Info.plist */ = {isa = PBXFileReference; fileEncoding = 4; lastKnownFileType = text.plist.xml; path = "GoogleService-Info.plist"; sourceTree = "<group>"; };
		40DF5F2A1E33A57E00B2EC38 /* FancyView.swift */ = {isa = PBXFileReference; fileEncoding = 4; lastKnownFileType = sourcecode.swift; path = FancyView.swift; sourceTree = "<group>"; };
		40DF5F2D1E33A63B00B2EC38 /* Constants.swift */ = {isa = PBXFileReference; fileEncoding = 4; lastKnownFileType = sourcecode.swift; path = Constants.swift; sourceTree = "<group>"; };
		40DF5F2F1E33A7DD00B2EC38 /* RoundBtn.swift */ = {isa = PBXFileReference; fileEncoding = 4; lastKnownFileType = sourcecode.swift; path = RoundBtn.swift; sourceTree = "<group>"; };
		40DF5F311E33A95900B2EC38 /* FancyField.swift */ = {isa = PBXFileReference; fileEncoding = 4; lastKnownFileType = sourcecode.swift; path = FancyField.swift; sourceTree = "<group>"; };
		40DF5F331E33AA9300B2EC38 /* FancyBtn.swift */ = {isa = PBXFileReference; fileEncoding = 4; lastKnownFileType = sourcecode.swift; path = FancyBtn.swift; sourceTree = "<group>"; };
		6AC2503D20BEBB44251741CB /* Pods-SocialApp.release.xcconfig */ = {isa = PBXFileReference; includeInIndex = 1; lastKnownFileType = text.xcconfig; name = "Pods-SocialApp.release.xcconfig"; path = "Pods/Target Support Files/Pods-SocialApp/Pods-SocialApp.release.xcconfig"; sourceTree = "<group>"; };
		D2D8147C3DDCACF6E2A34E2B /* Pods_SocialApp.framework */ = {isa = PBXFileReference; explicitFileType = wrapper.framework; includeInIndex = 0; path = Pods_SocialApp.framework; sourceTree = BUILT_PRODUCTS_DIR; };
		D94C84818B2B62BFE648CE0A /* Pods-SocialApp.debug.xcconfig */ = {isa = PBXFileReference; includeInIndex = 1; lastKnownFileType = text.xcconfig; name = "Pods-SocialApp.debug.xcconfig"; path = "Pods/Target Support Files/Pods-SocialApp/Pods-SocialApp.debug.xcconfig"; sourceTree = "<group>"; };
/* End PBXFileReference section */

/* Begin PBXFrameworksBuildPhase section */
		409273081E337EFA006C4D6B /* Frameworks */ = {
			isa = PBXFrameworksBuildPhase;
			buildActionMask = 2147483647;
			files = (
				E62CF9CC4086A47A648031D7 /* Pods_SocialApp.framework in Frameworks */,
			);
			runOnlyForDeploymentPostprocessing = 0;
		};
/* End PBXFrameworksBuildPhase section */

/* Begin PBXGroup section */
		409273021E337EFA006C4D6B = {
			isa = PBXGroup;
			children = (
				4092730D1E337EFA006C4D6B /* SocialApp */,
				4092730C1E337EFA006C4D6B /* Products */,
				AF373331D7077C45FBF39839 /* Pods */,
				A83E0E0EAEA7CBF6E0909D73 /* Frameworks */,
			);
			sourceTree = "<group>";
		};
		4092730C1E337EFA006C4D6B /* Products */ = {
			isa = PBXGroup;
			children = (
				4092730B1E337EFA006C4D6B /* SocialApp.app */,
			);
			name = Products;
			sourceTree = "<group>";
		};
		4092730D1E337EFA006C4D6B /* SocialApp */ = {
			isa = PBXGroup;
			children = (
				40DF5F2C1E33A62600B2EC38 /* Utils */,
				40DF5F291E3381E500B2EC38 /* Model */,
				40DF5F281E3381E000B2EC38 /* View */,
				40DF5F271E3381DA00B2EC38 /* Controller */,
				4092730E1E337EFA006C4D6B /* AppDelegate.swift */,
				409273121E337EFA006C4D6B /* Main.storyboard */,
				409273151E337EFA006C4D6B /* Assets.xcassets */,
				409273171E337EFA006C4D6B /* LaunchScreen.storyboard */,
				4092731A1E337EFA006C4D6B /* Info.plist */,
				409273201E337FA2006C4D6B /* GoogleService-Info.plist */,
			);
			path = SocialApp;
			sourceTree = "<group>";
		};
		40DF5F271E3381DA00B2EC38 /* Controller */ = {
			isa = PBXGroup;
			children = (
				409273101E337EFA006C4D6B /* SignInVC.swift */,
			);
			name = Controller;
			sourceTree = "<group>";
		};
		40DF5F281E3381E000B2EC38 /* View */ = {
			isa = PBXGroup;
			children = (
				40DF5F2A1E33A57E00B2EC38 /* FancyView.swift */,
				40DF5F2F1E33A7DD00B2EC38 /* RoundBtn.swift */,
				40DF5F311E33A95900B2EC38 /* FancyField.swift */,
				40DF5F331E33AA9300B2EC38 /* FancyBtn.swift */,
			);
			name = View;
			sourceTree = "<group>";
		};
		40DF5F291E3381E500B2EC38 /* Model */ = {
			isa = PBXGroup;
			children = (
			);
			name = Model;
			sourceTree = "<group>";
		};
		40DF5F2C1E33A62600B2EC38 /* Utils */ = {
			isa = PBXGroup;
			children = (
				40DF5F2D1E33A63B00B2EC38 /* Constants.swift */,
			);
			name = Utils;
			sourceTree = "<group>";
		};
		A83E0E0EAEA7CBF6E0909D73 /* Frameworks */ = {
			isa = PBXGroup;
			children = (
				D2D8147C3DDCACF6E2A34E2B /* Pods_SocialApp.framework */,
			);
			name = Frameworks;
			sourceTree = "<group>";
		};
		AF373331D7077C45FBF39839 /* Pods */ = {
			isa = PBXGroup;
			children = (
				D94C84818B2B62BFE648CE0A /* Pods-SocialApp.debug.xcconfig */,
				6AC2503D20BEBB44251741CB /* Pods-SocialApp.release.xcconfig */,
			);
			name = Pods;
			sourceTree = "<group>";
		};
/* End PBXGroup section */

/* Begin PBXNativeTarget section */
		4092730A1E337EFA006C4D6B /* SocialApp */ = {
			isa = PBXNativeTarget;
			buildConfigurationList = 4092731D1E337EFA006C4D6B /* Build configuration list for PBXNativeTarget "SocialApp" */;
			buildPhases = (
				30A6D6D90D34B41465F49E14 /* [CP] Check Pods Manifest.lock */,
				409273071E337EFA006C4D6B /* Sources */,
				409273081E337EFA006C4D6B /* Frameworks */,
				409273091E337EFA006C4D6B /* Resources */,
				661E6CEF1CA21EC2E41694AC /* [CP] Embed Pods Frameworks */,
				A6BAB255AAE169FF7B77A8B8 /* [CP] Copy Pods Resources */,
			);
			buildRules = (
			);
			dependencies = (
			);
			name = SocialApp;
			productName = SocialApp;
			productReference = 4092730B1E337EFA006C4D6B /* SocialApp.app */;
			productType = "com.apple.product-type.application";
		};
/* End PBXNativeTarget section */

/* Begin PBXProject section */
		409273031E337EFA006C4D6B /* Project object */ = {
			isa = PBXProject;
			attributes = {
				LastSwiftUpdateCheck = 0820;
				LastUpgradeCheck = 0820;
				ORGANIZATIONNAME = PachApps;
				TargetAttributes = {
					4092730A1E337EFA006C4D6B = {
						CreatedOnToolsVersion = 8.2.1;
						DevelopmentTeam = D928LA6DG5;
						ProvisioningStyle = Automatic;
					};
				};
			};
			buildConfigurationList = 409273061E337EFA006C4D6B /* Build configuration list for PBXProject "SocialApp" */;
			compatibilityVersion = "Xcode 3.2";
			developmentRegion = English;
			hasScannedForEncodings = 0;
			knownRegions = (
				en,
				Base,
			);
			mainGroup = 409273021E337EFA006C4D6B;
			productRefGroup = 4092730C1E337EFA006C4D6B /* Products */;
			projectDirPath = "";
			projectRoot = "";
			targets = (
				4092730A1E337EFA006C4D6B /* SocialApp */,
			);
		};
/* End PBXProject section */

/* Begin PBXResourcesBuildPhase section */
		409273091E337EFA006C4D6B /* Resources */ = {
			isa = PBXResourcesBuildPhase;
			buildActionMask = 2147483647;
			files = (
				409273191E337EFA006C4D6B /* LaunchScreen.storyboard in Resources */,
				409273161E337EFA006C4D6B /* Assets.xcassets in Resources */,
				409273141E337EFA006C4D6B /* Main.storyboard in Resources */,
				409273211E337FA2006C4D6B /* GoogleService-Info.plist in Resources */,
			);
			runOnlyForDeploymentPostprocessing = 0;
		};
/* End PBXResourcesBuildPhase section */

/* Begin PBXShellScriptBuildPhase section */
		30A6D6D90D34B41465F49E14 /* [CP] Check Pods Manifest.lock */ = {
			isa = PBXShellScriptBuildPhase;
			buildActionMask = 2147483647;
			files = (
			);
			inputPaths = (
			);
			name = "[CP] Check Pods Manifest.lock";
			outputPaths = (
			);
			runOnlyForDeploymentPostprocessing = 0;
			shellPath = /bin/sh;
			shellScript = "diff \"${PODS_ROOT}/../Podfile.lock\" \"${PODS_ROOT}/Manifest.lock\" > /dev/null\nif [ $? != 0 ] ; then\n    # print error to STDERR\n    echo \"error: The sandbox is not in sync with the Podfile.lock. Run 'pod install' or update your CocoaPods installation.\" >&2\n    exit 1\nfi\n";
			showEnvVarsInLog = 0;
		};
		661E6CEF1CA21EC2E41694AC /* [CP] Embed Pods Frameworks */ = {
			isa = PBXShellScriptBuildPhase;
			buildActionMask = 2147483647;
			files = (
			);
			inputPaths = (
			);
			name = "[CP] Embed Pods Frameworks";
			outputPaths = (
			);
			runOnlyForDeploymentPostprocessing = 0;
			shellPath = /bin/sh;
			shellScript = "\"${SRCROOT}/Pods/Target Support Files/Pods-SocialApp/Pods-SocialApp-frameworks.sh\"\n";
			showEnvVarsInLog = 0;
		};
		A6BAB255AAE169FF7B77A8B8 /* [CP] Copy Pods Resources */ = {
			isa = PBXShellScriptBuildPhase;
			buildActionMask = 2147483647;
			files = (
			);
			inputPaths = (
			);
			name = "[CP] Copy Pods Resources";
			outputPaths = (
			);
			runOnlyForDeploymentPostprocessing = 0;
			shellPath = /bin/sh;
			shellScript = "\"${SRCROOT}/Pods/Target Support Files/Pods-SocialApp/Pods-SocialApp-resources.sh\"\n";
			showEnvVarsInLog = 0;
		};
/* End PBXShellScriptBuildPhase section */

/* Begin PBXSourcesBuildPhase section */
		409273071E337EFA006C4D6B /* Sources */ = {
			isa = PBXSourcesBuildPhase;
			buildActionMask = 2147483647;
			files = (
				40DF5F321E33A95900B2EC38 /* FancyField.swift in Sources */,
				409273111E337EFA006C4D6B /* SignInVC.swift in Sources */,
				40DF5F301E33A7DD00B2EC38 /* RoundBtn.swift in Sources */,
				4092730F1E337EFA006C4D6B /* AppDelegate.swift in Sources */,
				40DF5F2B1E33A57E00B2EC38 /* FancyView.swift in Sources */,
				40DF5F2E1E33A63B00B2EC38 /* Constants.swift in Sources */,
				40DF5F341E33AA9300B2EC38 /* FancyBtn.swift in Sources */,
			);
			runOnlyForDeploymentPostprocessing = 0;
		};
/* End PBXSourcesBuildPhase section */

/* Begin PBXVariantGroup section */
		409273121E337EFA006C4D6B /* Main.storyboard */ = {
			isa = PBXVariantGroup;
			children = (
				409273131E337EFA006C4D6B /* Base */,
			);
			name = Main.storyboard;
			sourceTree = "<group>";
		};
		409273171E337EFA006C4D6B /* LaunchScreen.storyboard */ = {
			isa = PBXVariantGroup;
			children = (
				409273181E337EFA006C4D6B /* Base */,
			);
			name = LaunchScreen.storyboard;
			sourceTree = "<group>";
		};
/* End PBXVariantGroup section */

/* Begin XCBuildConfiguration section */
		4092731B1E337EFA006C4D6B /* Debug */ = {
			isa = XCBuildConfiguration;
			buildSettings = {
				ALWAYS_SEARCH_USER_PATHS = NO;
				CLANG_ANALYZER_NONNULL = YES;
				CLANG_CXX_LANGUAGE_STANDARD = "gnu++0x";
				CLANG_CXX_LIBRARY = "libc++";
				CLANG_ENABLE_MODULES = YES;
				CLANG_ENABLE_OBJC_ARC = YES;
				CLANG_WARN_BOOL_CONVERSION = YES;
				CLANG_WARN_CONSTANT_CONVERSION = YES;
				CLANG_WARN_DIRECT_OBJC_ISA_USAGE = YES_ERROR;
				CLANG_WARN_DOCUMENTATION_COMMENTS = YES;
				CLANG_WARN_EMPTY_BODY = YES;
				CLANG_WARN_ENUM_CONVERSION = YES;
				CLANG_WARN_INFINITE_RECURSION = YES;
				CLANG_WARN_INT_CONVERSION = YES;
				CLANG_WARN_OBJC_ROOT_CLASS = YES_ERROR;
				CLANG_WARN_SUSPICIOUS_MOVE = YES;
				CLANG_WARN_UNREACHABLE_CODE = YES;
				CLANG_WARN__DUPLICATE_METHOD_MATCH = YES;
				"CODE_SIGN_IDENTITY[sdk=iphoneos*]" = "iPhone Developer";
				COPY_PHASE_STRIP = NO;
				DEBUG_INFORMATION_FORMAT = dwarf;
				ENABLE_STRICT_OBJC_MSGSEND = YES;
				ENABLE_TESTABILITY = YES;
				GCC_C_LANGUAGE_STANDARD = gnu99;
				GCC_DYNAMIC_NO_PIC = NO;
				GCC_NO_COMMON_BLOCKS = YES;
				GCC_OPTIMIZATION_LEVEL = 0;
				GCC_PREPROCESSOR_DEFINITIONS = (
					"DEBUG=1",
					"$(inherited)",
				);
				GCC_WARN_64_TO_32_BIT_CONVERSION = YES;
				GCC_WARN_ABOUT_RETURN_TYPE = YES_ERROR;
				GCC_WARN_UNDECLARED_SELECTOR = YES;
				GCC_WARN_UNINITIALIZED_AUTOS = YES_AGGRESSIVE;
				GCC_WARN_UNUSED_FUNCTION = YES;
				GCC_WARN_UNUSED_VARIABLE = YES;
				IPHONEOS_DEPLOYMENT_TARGET = 10.2;
				MTL_ENABLE_DEBUG_INFO = YES;
				ONLY_ACTIVE_ARCH = YES;
				SDKROOT = iphoneos;
				SWIFT_ACTIVE_COMPILATION_CONDITIONS = DEBUG;
				SWIFT_OPTIMIZATION_LEVEL = "-Onone";
				TARGETED_DEVICE_FAMILY = "1,2";
			};
			name = Debug;
		};
		4092731C1E337EFA006C4D6B /* Release */ = {
			isa = XCBuildConfiguration;
			buildSettings = {
				ALWAYS_SEARCH_USER_PATHS = NO;
				CLANG_ANALYZER_NONNULL = YES;
				CLANG_CXX_LANGUAGE_STANDARD = "gnu++0x";
				CLANG_CXX_LIBRARY = "libc++";
				CLANG_ENABLE_MODULES = YES;
				CLANG_ENABLE_OBJC_ARC = YES;
				CLANG_WARN_BOOL_CONVERSION = YES;
				CLANG_WARN_CONSTANT_CONVERSION = YES;
				CLANG_WARN_DIRECT_OBJC_ISA_USAGE = YES_ERROR;
				CLANG_WARN_DOCUMENTATION_COMMENTS = YES;
				CLANG_WARN_EMPTY_BODY = YES;
				CLANG_WARN_ENUM_CONVERSION = YES;
				CLANG_WARN_INFINITE_RECURSION = YES;
				CLANG_WARN_INT_CONVERSION = YES;
				CLANG_WARN_OBJC_ROOT_CLASS = YES_ERROR;
				CLANG_WARN_SUSPICIOUS_MOVE = YES;
				CLANG_WARN_UNREACHABLE_CODE = YES;
				CLANG_WARN__DUPLICATE_METHOD_MATCH = YES;
				"CODE_SIGN_IDENTITY[sdk=iphoneos*]" = "iPhone Developer";
				COPY_PHASE_STRIP = NO;
				DEBUG_INFORMATION_FORMAT = "dwarf-with-dsym";
				ENABLE_NS_ASSERTIONS = NO;
				ENABLE_STRICT_OBJC_MSGSEND = YES;
				GCC_C_LANGUAGE_STANDARD = gnu99;
				GCC_NO_COMMON_BLOCKS = YES;
				GCC_WARN_64_TO_32_BIT_CONVERSION = YES;
				GCC_WARN_ABOUT_RETURN_TYPE = YES_ERROR;
				GCC_WARN_UNDECLARED_SELECTOR = YES;
				GCC_WARN_UNINITIALIZED_AUTOS = YES_AGGRESSIVE;
				GCC_WARN_UNUSED_FUNCTION = YES;
				GCC_WARN_UNUSED_VARIABLE = YES;
				IPHONEOS_DEPLOYMENT_TARGET = 10.2;
				MTL_ENABLE_DEBUG_INFO = NO;
				SDKROOT = iphoneos;
				SWIFT_OPTIMIZATION_LEVEL = "-Owholemodule";
				TARGETED_DEVICE_FAMILY = "1,2";
				VALIDATE_PRODUCT = YES;
			};
			name = Release;
		};
		4092731E1E337EFA006C4D6B /* Debug */ = {
			isa = XCBuildConfiguration;
			baseConfigurationReference = D94C84818B2B62BFE648CE0A /* Pods-SocialApp.debug.xcconfig */;
			buildSettings = {
				ASSETCATALOG_COMPILER_APPICON_NAME = AppIcon;
				DEVELOPMENT_TEAM = D928LA6DG5;
				INFOPLIST_FILE = SocialApp/Info.plist;
				LD_RUNPATH_SEARCH_PATHS = "$(inherited) @executable_path/Frameworks";
				PRODUCT_BUNDLE_IDENTIFIER = com.pachApps.SocialApp;
				PRODUCT_NAME = "$(TARGET_NAME)";
				SWIFT_VERSION = 3.0;
			};
			name = Debug;
		};
		4092731F1E337EFA006C4D6B /* Release */ = {
			isa = XCBuildConfiguration;
			baseConfigurationReference = 6AC2503D20BEBB44251741CB /* Pods-SocialApp.release.xcconfig */;
			buildSettings = {
				ASSETCATALOG_COMPILER_APPICON_NAME = AppIcon;
				DEVELOPMENT_TEAM = D928LA6DG5;
				INFOPLIST_FILE = SocialApp/Info.plist;
				LD_RUNPATH_SEARCH_PATHS = "$(inherited) @executable_path/Frameworks";
				PRODUCT_BUNDLE_IDENTIFIER = com.pachApps.SocialApp;
				PRODUCT_NAME = "$(TARGET_NAME)";
				SWIFT_VERSION = 3.0;
			};
			name = Release;
		};
/* End XCBuildConfiguration section */

/* Begin XCConfigurationList section */
		409273061E337EFA006C4D6B /* Build configuration list for PBXProject "SocialApp" */ = {
			isa = XCConfigurationList;
			buildConfigurations = (
				4092731B1E337EFA006C4D6B /* Debug */,
				4092731C1E337EFA006C4D6B /* Release */,
			);
			defaultConfigurationIsVisible = 0;
			defaultConfigurationName = Release;
		};
		4092731D1E337EFA006C4D6B /* Build configuration list for PBXNativeTarget "SocialApp" */ = {
			isa = XCConfigurationList;
			buildConfigurations = (
				4092731E1E337EFA006C4D6B /* Debug */,
				4092731F1E337EFA006C4D6B /* Release */,
			);
			defaultConfigurationIsVisible = 0;
			defaultConfigurationName = Release;
		};
/* End XCConfigurationList section */
	};
	rootObject = 409273031E337EFA006C4D6B /* Project object */;
}
